
Microsoft Visual Studio Solution File, Format Version 12.00
# Visual Studio Version 16
VisualStudioVersion = 16.0.31205.134
MinimumVisualStudioVersion = 10.0.40219.1
Project("{FAE04EC0-301F-11D3-BF4B-00C04F79EFBC}") = "Super10", "Super10\Super10.csproj", "{F7799A77-0490-4DD8-A2F3-559C3A6B5057}"
EndProject
Global
	GlobalSection(SolutionConfigurationPlatforms) = preSolution
		Debug|Any CPU = Debug|Any CPU
		Release|Any CPU = Release|Any CPU
	EndGlobalSection
	GlobalSection(ProjectConfigurationPlatforms) = postSolution
		{F7799A77-0490-4DD8-A2F3-559C3A6B5057}.Debug|Any CPU.ActiveCfg = Debug|Any CPU
		{F7799A77-0490-4DD8-A2F3-559C3A6B5057}.Debug|Any CPU.Build.0 = Debug|Any CPU
		{F7799A77-0490-4DD8-A2F3-559C3A6B5057}.Release|Any CPU.ActiveCfg = Release|Any CPU
		{F7799A77-0490-4DD8-A2F3-559C3A6B5057}.Release|Any CPU.Build.0 = Release|Any CPU
	EndGlobalSection
	GlobalSection(SolutionProperties) = preSolution
		HideSolutionNode = FALSE
	EndGlobalSection
	GlobalSection(ExtensibilityGlobals) = postSolution
		SolutionGuid = {E0E6E414-ED7F-4B22-97FB-06B4DD2BC8FC}
	EndGlobalSection
EndGlobal
